
Microsoft Visual Studio Solution File, Format Version 12.00
# Visual Studio Version 16
VisualStudioVersion = 16.0.29613.14
MinimumVisualStudioVersion = 10.0.40219.1
Project("{9A19103F-16F7-4668-BE54-9A1E7A4F7556}") = "MISA.LocationV2.UI", "MISA.LocationV2.Web\MISA.LocationV2.UI.csproj", "{C4779564-6ED0-4A99-99F4-5102D22B957D}"
EndProject
Project("{9A19103F-16F7-4668-BE54-9A1E7A4F7556}") = "MISA.LocationV2.Common", "MISA.LocationV2.Common\MISA.LocationV2.Common.csproj", "{CFB28AE7-3D64-4EB2-BE23-019E8956854E}"
EndProject
Project("{9A19103F-16F7-4668-BE54-9A1E7A4F7556}") = "MISA.LocationV2.DL", "MISA.LocationV2.DL\MISA.LocationV2.DL.csproj", "{A5F866DE-7CB3-4320-8C57-9224D7B0484B}"
EndProject
Project("{9A19103F-16F7-4668-BE54-9A1E7A4F7556}") = "MISA.LocationV2.Entities", "MISA.LocationV2.Entities\MISA.LocationV2.Entities.csproj", "{1A620CE8-B0B6-4052-AC19-9396033C3EC8}"
EndProject
Project("{9A19103F-16F7-4668-BE54-9A1E7A4F7556}") = "MISA.LocationV2.DL.UnitTests", "MISA.LocationV2.DL.UnitTests\MISA.LocationV2.DL.UnitTests.csproj", "{39F2CF42-E381-4451-A2A1-77C8A71304F2}"
EndProject
Project("{9A19103F-16F7-4668-BE54-9A1E7A4F7556}") = "MISA.LocationV2.Webhook", "MISA.LocationV2.Webhook\MISA.LocationV2.Webhook.csproj", "{8F365B90-5081-485F-A213-E8D5655E5AB9}"
EndProject
Project("{9A19103F-16F7-4668-BE54-9A1E7A4F7556}") = "MISALocationV2.Services", "MISALocationV2.Services\MISALocationV2.Services.csproj", "{4279B8FD-E1EF-4CBE-986F-087DFCF2DF2D}"
EndProject
Project("{2150E333-8FDC-42A3-9474-1A3956D46DE8}") = "UI", "UI", "{67CB3A64-6207-4E4A-B971-AD36691C9969}"
EndProject
Project("{2150E333-8FDC-42A3-9474-1A3956D46DE8}") = "Services", "Services", "{66A824FD-508C-4D3A-858F-127C2E63C6DA}"
EndProject
Global
	GlobalSection(SolutionConfigurationPlatforms) = preSolution
		Debug|Any CPU = Debug|Any CPU
		Release|Any CPU = Release|Any CPU
	EndGlobalSection
	GlobalSection(ProjectConfigurationPlatforms) = postSolution
		{C4779564-6ED0-4A99-99F4-5102D22B957D}.Debug|Any CPU.ActiveCfg = Debug|Any CPU
		{C4779564-6ED0-4A99-99F4-5102D22B957D}.Debug|Any CPU.Build.0 = Debug|Any CPU
		{C4779564-6ED0-4A99-99F4-5102D22B957D}.Release|Any CPU.ActiveCfg = Release|Any CPU
		{C4779564-6ED0-4A99-99F4-5102D22B957D}.Release|Any CPU.Build.0 = Release|Any CPU
		{CFB28AE7-3D64-4EB2-BE23-019E8956854E}.Debug|Any CPU.ActiveCfg = Debug|Any CPU
		{CFB28AE7-3D64-4EB2-BE23-019E8956854E}.Debug|Any CPU.Build.0 = Debug|Any CPU
		{CFB28AE7-3D64-4EB2-BE23-019E8956854E}.Release|Any CPU.ActiveCfg = Release|Any CPU
		{CFB28AE7-3D64-4EB2-BE23-019E8956854E}.Release|Any CPU.Build.0 = Release|Any CPU
		{A5F866DE-7CB3-4320-8C57-9224D7B0484B}.Debug|Any CPU.ActiveCfg = Debug|Any CPU
		{A5F866DE-7CB3-4320-8C57-9224D7B0484B}.Debug|Any CPU.Build.0 = Debug|Any CPU
		{A5F866DE-7CB3-4320-8C57-9224D7B0484B}.Release|Any CPU.ActiveCfg = Release|Any CPU
		{A5F866DE-7CB3-4320-8C57-9224D7B0484B}.Release|Any CPU.Build.0 = Release|Any CPU
		{1A620CE8-B0B6-4052-AC19-9396033C3EC8}.Debug|Any CPU.ActiveCfg = Debug|Any CPU
		{1A620CE8-B0B6-4052-AC19-9396033C3EC8}.Debug|Any CPU.Build.0 = Debug|Any CPU
		{1A620CE8-B0B6-4052-AC19-9396033C3EC8}.Release|Any CPU.ActiveCfg = Release|Any CPU
		{1A620CE8-B0B6-4052-AC19-9396033C3EC8}.Release|Any CPU.Build.0 = Release|Any CPU
		{39F2CF42-E381-4451-A2A1-77C8A71304F2}.Debug|Any CPU.ActiveCfg = Debug|Any CPU
		{39F2CF42-E381-4451-A2A1-77C8A71304F2}.Debug|Any CPU.Build.0 = Debug|Any CPU
		{39F2CF42-E381-4451-A2A1-77C8A71304F2}.Release|Any CPU.ActiveCfg = Release|Any CPU
		{39F2CF42-E381-4451-A2A1-77C8A71304F2}.Release|Any CPU.Build.0 = Release|Any CPU
		{8F365B90-5081-485F-A213-E8D5655E5AB9}.Debug|Any CPU.ActiveCfg = Debug|Any CPU
		{8F365B90-5081-485F-A213-E8D5655E5AB9}.Debug|Any CPU.Build.0 = Debug|Any CPU
		{8F365B90-5081-485F-A213-E8D5655E5AB9}.Release|Any CPU.ActiveCfg = Release|Any CPU
		{8F365B90-5081-485F-A213-E8D5655E5AB9}.Release|Any CPU.Build.0 = Release|Any CPU
		{4279B8FD-E1EF-4CBE-986F-087DFCF2DF2D}.Debug|Any CPU.ActiveCfg = Debug|Any CPU
		{4279B8FD-E1EF-4CBE-986F-087DFCF2DF2D}.Debug|Any CPU.Build.0 = Debug|Any CPU
		{4279B8FD-E1EF-4CBE-986F-087DFCF2DF2D}.Release|Any CPU.ActiveCfg = Release|Any CPU
		{4279B8FD-E1EF-4CBE-986F-087DFCF2DF2D}.Release|Any CPU.Build.0 = Release|Any CPU
	EndGlobalSection
	GlobalSection(SolutionProperties) = preSolution
		HideSolutionNode = FALSE
	EndGlobalSection
	GlobalSection(NestedProjects) = preSolution
		{C4779564-6ED0-4A99-99F4-5102D22B957D} = {67CB3A64-6207-4E4A-B971-AD36691C9969}
		{CFB28AE7-3D64-4EB2-BE23-019E8956854E} = {66A824FD-508C-4D3A-858F-127C2E63C6DA}
		{A5F866DE-7CB3-4320-8C57-9224D7B0484B} = {66A824FD-508C-4D3A-858F-127C2E63C6DA}
		{1A620CE8-B0B6-4052-AC19-9396033C3EC8} = {66A824FD-508C-4D3A-858F-127C2E63C6DA}
		{39F2CF42-E381-4451-A2A1-77C8A71304F2} = {66A824FD-508C-4D3A-858F-127C2E63C6DA}
		{8F365B90-5081-485F-A213-E8D5655E5AB9} = {66A824FD-508C-4D3A-858F-127C2E63C6DA}
		{4279B8FD-E1EF-4CBE-986F-087DFCF2DF2D} = {66A824FD-508C-4D3A-858F-127C2E63C6DA}
	EndGlobalSection
	GlobalSection(ExtensibilityGlobals) = postSolution
		SolutionGuid = {F14793E0-D016-404A-8A0E-47AFF1F69984}
	EndGlobalSection
EndGlobal
